
Microsoft Visual Studio Solution File, Format Version 11.00
# Visual Studio 2010
Project("{FAE04EC0-301F-11D3-BF4B-00C04F79EFBC}") = "Pong", "Pong\Pong\Pong.csproj", "{0D493C57-BA06-4EA6-948B-9DFD231E1573}"
EndProject
Project("{96E2B04D-8817-42C6-938A-82C39BA4D311}") = "PongContent", "Pong\PongContent\PongContent.contentproj", "{AB42E2B3-F556-46E7-AE55-D1A53E7EE642}"
EndProject
Global
	GlobalSection(SolutionConfigurationPlatforms) = preSolution
		Debug|x86 = Debug|x86
		Release|x86 = Release|x86
	EndGlobalSection
	GlobalSection(ProjectConfigurationPlatforms) = postSolution
		{0D493C57-BA06-4EA6-948B-9DFD231E1573}.Debug|x86.ActiveCfg = Debug|x86
		{0D493C57-BA06-4EA6-948B-9DFD231E1573}.Debug|x86.Build.0 = Debug|x86
		{0D493C57-BA06-4EA6-948B-9DFD231E1573}.Release|x86.ActiveCfg = Release|x86
		{0D493C57-BA06-4EA6-948B-9DFD231E1573}.Release|x86.Build.0 = Release|x86
		{AB42E2B3-F556-46E7-AE55-D1A53E7EE642}.Debug|x86.ActiveCfg = Debug|x86
		{AB42E2B3-F556-46E7-AE55-D1A53E7EE642}.Release|x86.ActiveCfg = Release|x86
	EndGlobalSection
	GlobalSection(SolutionProperties) = preSolution
		HideSolutionNode = FALSE
	EndGlobalSection
EndGlobal
